
Microsoft Visual Studio Solution File, Format Version 12.00
# Visual Studio 2012
Project("{2150E333-8FDC-42A3-9474-1A3956D46DE8}") = "sample", "sample", "{8E0AFFBD-875C-4073-B2FB-014053D3BF2B}"
EndProject
Project("{FAE04EC0-301F-11D3-BF4B-00C04F79EFBC}") = "Naxam.I18n", "Naxam.I18n\Naxam.I18n.csproj", "{2E6A0C7C-E590-4F29-80A1-49C896F07685}"
EndProject
Project("{FAE04EC0-301F-11D3-BF4B-00C04F79EFBC}") = "Naxam.I18n.Platform.Droid", "Naxam.I18n.Platform.Droid\Naxam.I18n.Platform.Droid.csproj", "{5BC4A558-205F-4EC9-B70D-3058A528D9CA}"
EndProject
Project("{FAE04EC0-301F-11D3-BF4B-00C04F79EFBC}") = "Naxam.I18n.Platform.iOS", "Naxam.I18n.Platform.iOS\Naxam.I18n.Platform.iOS.csproj", "{DA980F04-09F7-4A53-9C84-EA4810900AAA}"
EndProject
Project("{2150E333-8FDC-42A3-9474-1A3956D46DE8}") = "i18n", "i18n", "{67FA52DA-F23B-43FA-8874-169DF40A4787}"
EndProject
Project("{FAE04EC0-301F-11D3-BF4B-00C04F79EFBC}") = "Naxam.I18n.Forms", "Naxam.I18n.Forms\Naxam.I18n.Forms.csproj", "{D62934F6-3CC1-4304-9540-17F3C35EBAB6}"
EndProject
Project("{FAE04EC0-301F-11D3-BF4B-00C04F79EFBC}") = "Naxam.I18n.Demo.Droid", "demo\Droid\Naxam.I18n.Demo.Droid.csproj", "{BD2C52B6-B67F-4D7E-8F46-B2CDA39A31EB}"
EndProject
Project("{FAE04EC0-301F-11D3-BF4B-00C04F79EFBC}") = "Naxam.I18n.Demo.iOS", "demo\iOS\Naxam.I18n.Demo.iOS.csproj", "{110B86CB-347E-4536-8D50-89416C4A17A6}"
EndProject
Project("{FAE04EC0-301F-11D3-BF4B-00C04F79EFBC}") = "Naxam.I18n.Demo", "demo\Naxam.I18n.Demo\Naxam.I18n.Demo.csproj", "{468D0AA5-40CB-4AE2-A7F1-BE5D94E7FF6F}"
EndProject
Global
	GlobalSection(SolutionConfigurationPlatforms) = preSolution
		Debug|Any CPU = Debug|Any CPU
		Release|Any CPU = Release|Any CPU
		Debug|iPhoneSimulator = Debug|iPhoneSimulator
		Release|iPhone = Release|iPhone
		Release|iPhoneSimulator = Release|iPhoneSimulator
		Debug|iPhone = Debug|iPhone
	EndGlobalSection
	GlobalSection(ProjectConfigurationPlatforms) = postSolution
		{2E6A0C7C-E590-4F29-80A1-49C896F07685}.Debug|Any CPU.ActiveCfg = Debug|Any CPU
		{2E6A0C7C-E590-4F29-80A1-49C896F07685}.Debug|Any CPU.Build.0 = Debug|Any CPU
		{5BC4A558-205F-4EC9-B70D-3058A528D9CA}.Debug|Any CPU.ActiveCfg = Debug|Any CPU
		{5BC4A558-205F-4EC9-B70D-3058A528D9CA}.Debug|Any CPU.Build.0 = Debug|Any CPU
		{DA980F04-09F7-4A53-9C84-EA4810900AAA}.Debug|Any CPU.ActiveCfg = Debug|Any CPU
		{DA980F04-09F7-4A53-9C84-EA4810900AAA}.Debug|Any CPU.Build.0 = Debug|Any CPU
		{D62934F6-3CC1-4304-9540-17F3C35EBAB6}.Debug|Any CPU.ActiveCfg = Debug|Any CPU
		{D62934F6-3CC1-4304-9540-17F3C35EBAB6}.Debug|Any CPU.Build.0 = Debug|Any CPU
		{BD2C52B6-B67F-4D7E-8F46-B2CDA39A31EB}.Debug|Any CPU.ActiveCfg = Debug|Any CPU
		{BD2C52B6-B67F-4D7E-8F46-B2CDA39A31EB}.Debug|Any CPU.Build.0 = Debug|Any CPU
		{BD2C52B6-B67F-4D7E-8F46-B2CDA39A31EB}.Release|Any CPU.ActiveCfg = Release|Any CPU
		{BD2C52B6-B67F-4D7E-8F46-B2CDA39A31EB}.Release|Any CPU.Build.0 = Release|Any CPU
		{BD2C52B6-B67F-4D7E-8F46-B2CDA39A31EB}.Debug|iPhoneSimulator.ActiveCfg = Debug|Any CPU
		{BD2C52B6-B67F-4D7E-8F46-B2CDA39A31EB}.Debug|iPhoneSimulator.Build.0 = Debug|Any CPU
		{BD2C52B6-B67F-4D7E-8F46-B2CDA39A31EB}.Release|iPhone.ActiveCfg = Release|Any CPU
		{BD2C52B6-B67F-4D7E-8F46-B2CDA39A31EB}.Release|iPhone.Build.0 = Release|Any CPU
		{BD2C52B6-B67F-4D7E-8F46-B2CDA39A31EB}.Release|iPhoneSimulator.ActiveCfg = Release|Any CPU
		{BD2C52B6-B67F-4D7E-8F46-B2CDA39A31EB}.Release|iPhoneSimulator.Build.0 = Release|Any CPU
		{BD2C52B6-B67F-4D7E-8F46-B2CDA39A31EB}.Debug|iPhone.ActiveCfg = Debug|Any CPU
		{BD2C52B6-B67F-4D7E-8F46-B2CDA39A31EB}.Debug|iPhone.Build.0 = Debug|Any CPU
		{110B86CB-347E-4536-8D50-89416C4A17A6}.Debug|Any CPU.ActiveCfg = Debug|iPhoneSimulator
		{110B86CB-347E-4536-8D50-89416C4A17A6}.Debug|Any CPU.Build.0 = Debug|iPhoneSimulator
		{110B86CB-347E-4536-8D50-89416C4A17A6}.Release|Any CPU.ActiveCfg = Release|iPhone
		{110B86CB-347E-4536-8D50-89416C4A17A6}.Release|Any CPU.Build.0 = Release|iPhone
		{110B86CB-347E-4536-8D50-89416C4A17A6}.Debug|iPhoneSimulator.ActiveCfg = Debug|iPhoneSimulator
		{110B86CB-347E-4536-8D50-89416C4A17A6}.Debug|iPhoneSimulator.Build.0 = Debug|iPhoneSimulator
		{110B86CB-347E-4536-8D50-89416C4A17A6}.Release|iPhone.ActiveCfg = Release|iPhone
		{110B86CB-347E-4536-8D50-89416C4A17A6}.Release|iPhone.Build.0 = Release|iPhone
		{110B86CB-347E-4536-8D50-89416C4A17A6}.Release|iPhoneSimulator.ActiveCfg = Release|iPhoneSimulator
		{110B86CB-347E-4536-8D50-89416C4A17A6}.Release|iPhoneSimulator.Build.0 = Release|iPhoneSimulator
		{110B86CB-347E-4536-8D50-89416C4A17A6}.Debug|iPhone.ActiveCfg = Debug|iPhone
		{110B86CB-347E-4536-8D50-89416C4A17A6}.Debug|iPhone.Build.0 = Debug|iPhone
		{468D0AA5-40CB-4AE2-A7F1-BE5D94E7FF6F}.Debug|Any CPU.ActiveCfg = Debug|Any CPU
		{468D0AA5-40CB-4AE2-A7F1-BE5D94E7FF6F}.Debug|Any CPU.Build.0 = Debug|Any CPU
		{468D0AA5-40CB-4AE2-A7F1-BE5D94E7FF6F}.Release|Any CPU.ActiveCfg = Release|Any CPU
		{468D0AA5-40CB-4AE2-A7F1-BE5D94E7FF6F}.Release|Any CPU.Build.0 = Release|Any CPU
		{468D0AA5-40CB-4AE2-A7F1-BE5D94E7FF6F}.Debug|iPhoneSimulator.ActiveCfg = Debug|Any CPU
		{468D0AA5-40CB-4AE2-A7F1-BE5D94E7FF6F}.Debug|iPhoneSimulator.Build.0 = Debug|Any CPU
		{468D0AA5-40CB-4AE2-A7F1-BE5D94E7FF6F}.Release|iPhone.ActiveCfg = Release|Any CPU
		{468D0AA5-40CB-4AE2-A7F1-BE5D94E7FF6F}.Release|iPhone.Build.0 = Release|Any CPU
		{468D0AA5-40CB-4AE2-A7F1-BE5D94E7FF6F}.Release|iPhoneSimulator.ActiveCfg = Release|Any CPU
		{468D0AA5-40CB-4AE2-A7F1-BE5D94E7FF6F}.Release|iPhoneSimulator.Build.0 = Release|Any CPU
		{468D0AA5-40CB-4AE2-A7F1-BE5D94E7FF6F}.Debug|iPhone.ActiveCfg = Debug|Any CPU
		{468D0AA5-40CB-4AE2-A7F1-BE5D94E7FF6F}.Debug|iPhone.Build.0 = Debug|Any CPU
	EndGlobalSection
	GlobalSection(NestedProjects) = preSolution
		{2E6A0C7C-E590-4F29-80A1-49C896F07685} = {67FA52DA-F23B-43FA-8874-169DF40A4787}
		{D62934F6-3CC1-4304-9540-17F3C35EBAB6} = {67FA52DA-F23B-43FA-8874-169DF40A4787}
		{5BC4A558-205F-4EC9-B70D-3058A528D9CA} = {67FA52DA-F23B-43FA-8874-169DF40A4787}
		{DA980F04-09F7-4A53-9C84-EA4810900AAA} = {67FA52DA-F23B-43FA-8874-169DF40A4787}
		{BD2C52B6-B67F-4D7E-8F46-B2CDA39A31EB} = {8E0AFFBD-875C-4073-B2FB-014053D3BF2B}
		{110B86CB-347E-4536-8D50-89416C4A17A6} = {8E0AFFBD-875C-4073-B2FB-014053D3BF2B}
		{468D0AA5-40CB-4AE2-A7F1-BE5D94E7FF6F} = {8E0AFFBD-875C-4073-B2FB-014053D3BF2B}
	EndGlobalSection
EndGlobal
